// !$*UTF8*$!
{
	archiveVersion = 1;
	classes = {
	};
	objectVersion = 56;
	objects = {

/* Begin PBXBuildFile section */
		5A7979B42BA3DD8F009A12EA /* FavoriteButtonView.swift in Sources */ = {isa = PBXBuildFile; fileRef = 5A7979B32BA3DD8F009A12EA /* FavoriteButtonView.swift */; };
		5A8ECD0E2B9FCFD70027BAA2 /* SplashScreenView.swift in Sources */ = {isa = PBXBuildFile; fileRef = 5A8ECD0D2B9FCFD70027BAA2 /* SplashScreenView.swift */; };
		5A8ECD1E2BA0EB060027BAA2 /* SaiyanSans.ttf in Resources */ = {isa = PBXBuildFile; fileRef = 5A8ECD1D2BA0EB060027BAA2 /* SaiyanSans.ttf */; };
		5AA3A18A2BA1EC0A00B3BDB9 /* CharacterCardView.swift in Sources */ = {isa = PBXBuildFile; fileRef = 5AA3A1892BA1EC0A00B3BDB9 /* CharacterCardView.swift */; };
		5AA3A18C2BA1EC3D00B3BDB9 /* CharacterDetailView.swift in Sources */ = {isa = PBXBuildFile; fileRef = 5AA3A18B2BA1EC3D00B3BDB9 /* CharacterDetailView.swift */; };
		5ABF48FF2BAA721900E984AB /* AllCharactersView.swift in Sources */ = {isa = PBXBuildFile; fileRef = 5ABF48FE2BAA721900E984AB /* AllCharactersView.swift */; };
		5AEB4FF02B94E113007C51B2 /* CharactersModel.swift in Sources */ = {isa = PBXBuildFile; fileRef = 5AEB4FEF2B94E113007C51B2 /* CharactersModel.swift */; };
		5AEB4FF22B94E159007C51B2 /* SingleCharacterModel.swift in Sources */ = {isa = PBXBuildFile; fileRef = 5AEB4FF12B94E159007C51B2 /* SingleCharacterModel.swift */; };
		5AEB4FF42B94E19B007C51B2 /* PlanetsModel.swift in Sources */ = {isa = PBXBuildFile; fileRef = 5AEB4FF32B94E19B007C51B2 /* PlanetsModel.swift */; };
		5AEB4FF62B94E1E0007C51B2 /* SinglePlanetModel.swift in Sources */ = {isa = PBXBuildFile; fileRef = 5AEB4FF52B94E1E0007C51B2 /* SinglePlanetModel.swift */; };
		5AEB50022B94FE5F007C51B2 /* AllCharactersDataService.swift in Sources */ = {isa = PBXBuildFile; fileRef = 5AEB50012B94FE5F007C51B2 /* AllCharactersDataService.swift */; };
		5AEB50052B94FEDB007C51B2 /* APIError.swift in Sources */ = {isa = PBXBuildFile; fileRef = 5AEB50042B94FEDB007C51B2 /* APIError.swift */; };
		5AEB50072B950040007C51B2 /* AllCharactersViewModel.swift in Sources */ = {isa = PBXBuildFile; fileRef = 5AEB50062B950040007C51B2 /* AllCharactersViewModel.swift */; };
		5AEB500A2B952A79007C51B2 /* MockAllCharactersDataService.swift in Sources */ = {isa = PBXBuildFile; fileRef = 5AEB50092B952A79007C51B2 /* MockAllCharactersDataService.swift */; };
		5AEB500C2B952B57007C51B2 /* Protocols.swift in Sources */ = {isa = PBXBuildFile; fileRef = 5AEB500B2B952B57007C51B2 /* Protocols.swift */; };
		5AEB500F2B95332B007C51B2 /* SingleCharacterDataService.swift in Sources */ = {isa = PBXBuildFile; fileRef = 5AEB500E2B95332B007C51B2 /* SingleCharacterDataService.swift */; };
		5AEB50112B9533F6007C51B2 /* SingleCharacterViewModel.swift in Sources */ = {isa = PBXBuildFile; fileRef = 5AEB50102B9533F6007C51B2 /* SingleCharacterViewModel.swift */; };
		5AEB50132B953651007C51B2 /* MockSingleCharacterDataService.swift in Sources */ = {isa = PBXBuildFile; fileRef = 5AEB50122B953650007C51B2 /* MockSingleCharacterDataService.swift */; };
		5AEB50152B954860007C51B2 /* PlanetsDataService.swift in Sources */ = {isa = PBXBuildFile; fileRef = 5AEB50142B954860007C51B2 /* PlanetsDataService.swift */; };
		5AEB50172B955492007C51B2 /* PlanetsViewModel.swift in Sources */ = {isa = PBXBuildFile; fileRef = 5AEB50162B955492007C51B2 /* PlanetsViewModel.swift */; };
		5AEB50192B9554B3007C51B2 /* MockPlanetsDataServcice.swift in Sources */ = {isa = PBXBuildFile; fileRef = 5AEB50182B9554B3007C51B2 /* MockPlanetsDataServcice.swift */; };
		5AEB501B2B956530007C51B2 /* SinglePlanetDataService.swift in Sources */ = {isa = PBXBuildFile; fileRef = 5AEB501A2B956530007C51B2 /* SinglePlanetDataService.swift */; };
		5AEB501D2B9565D2007C51B2 /* MockSinglePlanetDataService.swift in Sources */ = {isa = PBXBuildFile; fileRef = 5AEB501C2B9565D2007C51B2 /* MockSinglePlanetDataService.swift */; };
		5AEB501F2B9567BF007C51B2 /* SinglePlanetViewModel.swift in Sources */ = {isa = PBXBuildFile; fileRef = 5AEB501E2B9567BF007C51B2 /* SinglePlanetViewModel.swift */; };
		6E12F5A02B963C7100110633 /*  DetailsView.swift in Sources */ = {isa = PBXBuildFile; fileRef = 6E12F59F2B963C7000110633 /*  DetailsView.swift */; };
		6E2E176F2B92473000C8AB2E /* DrgonBallWikiApp.swift in Sources */ = {isa = PBXBuildFile; fileRef = 6E2E176E2B92473000C8AB2E /* DrgonBallWikiApp.swift */; };
		6E2E17712B92473000C8AB2E /* ContentView.swift in Sources */ = {isa = PBXBuildFile; fileRef = 6E2E17702B92473000C8AB2E /* ContentView.swift */; };
		6E2E17732B92473400C8AB2E /* Assets.xcassets in Resources */ = {isa = PBXBuildFile; fileRef = 6E2E17722B92473400C8AB2E /* Assets.xcassets */; };
		6E2E17762B92473400C8AB2E /* Preview Assets.xcassets in Resources */ = {isa = PBXBuildFile; fileRef = 6E2E17752B92473400C8AB2E /* Preview Assets.xcassets */; };
		6E2E177E2B9247B500C8AB2E /* Home.swift in Sources */ = {isa = PBXBuildFile; fileRef = 6E2E177D2B9247B500C8AB2E /* Home.swift */; };
		6E5082DF2B976A99008509E2 /* cardFx04.mp3 in Resources */ = {isa = PBXBuildFile; fileRef = 6E5082DB2B976A99008509E2 /* cardFx04.mp3 */; };
		6E5082E02B976A99008509E2 /* cardFx02.mp3 in Resources */ = {isa = PBXBuildFile; fileRef = 6E5082DC2B976A99008509E2 /* cardFx02.mp3 */; };
		6E5082E12B976A99008509E2 /* cardFx03.mp3 in Resources */ = {isa = PBXBuildFile; fileRef = 6E5082DD2B976A99008509E2 /* cardFx03.mp3 */; };
		6E5082E22B976A99008509E2 /* cardFx01.mp3 in Resources */ = {isa = PBXBuildFile; fileRef = 6E5082DE2B976A99008509E2 /* cardFx01.mp3 */; };
		6E583BBB2BA246ED00D1929C /* StyleView.swift in Sources */ = {isa = PBXBuildFile; fileRef = 6E583BBA2BA246ED00D1929C /* StyleView.swift */; };
		6E6D7D452BBB18A100D22E42 /* MenuItems.swift in Sources */ = {isa = PBXBuildFile; fileRef = 6E6D7D442BBB18A100D22E42 /* MenuItems.swift */; };
		6E6E167B2B9A63CB0099F058 /* DbSwiftDataModel.swift in Sources */ = {isa = PBXBuildFile; fileRef = 6E6E167A2B9A63CB0099F058 /* DbSwiftDataModel.swift */; };
		6E6E167D2B9A66570099F058 /* DbSwiftDataViewModel.swift in Sources */ = {isa = PBXBuildFile; fileRef = 6E6E167C2B9A66570099F058 /* DbSwiftDataViewModel.swift */; };
		6E804AD52BA6613B008553BF /* CardListPlanetesView.swift in Sources */ = {isa = PBXBuildFile; fileRef = 6E804AD42BA6613B008553BF /* CardListPlanetesView.swift */; };
		6E86BD132BB3981100DE6458 /* CardPlanetView.swift in Sources */ = {isa = PBXBuildFile; fileRef = 6E86BD122BB3981100DE6458 /* CardPlanetView.swift */; };
		6E95BA542B9EA6280030D28C /* CardViewTribute.swift in Sources */ = {isa = PBXBuildFile; fileRef = 6E95BA532B9EA6280030D28C /* CardViewTribute.swift */; };
		6E9BD1552BAA255000CA7CBA /* DetailAudioViewModel.swift in Sources */ = {isa = PBXBuildFile; fileRef = 6E9BD1542BAA255000CA7CBA /* DetailAudioViewModel.swift */; };
		6E9BD1572BAA3E7300CA7CBA /* CardListAudioViewModel.swift in Sources */ = {isa = PBXBuildFile; fileRef = 6E9BD1562BAA3E7300CA7CBA /* CardListAudioViewModel.swift */; };
		6EDCFEFB2BA78DAD007F2A01 /* Dragon Ball.mp3 in Resources */ = {isa = PBXBuildFile; fileRef = 6EDCFEFA2BA78DAD007F2A01 /* Dragon Ball.mp3 */; };
		6EDCFEFF2BA78F7D007F2A01 /* Dragon Ball Z.mp3 in Resources */ = {isa = PBXBuildFile; fileRef = 6EDCFEFE2BA78F7D007F2A01 /* Dragon Ball Z.mp3 */; };
		6EDCFF012BA78FE6007F2A01 /* Dragon Ball GT.mp3 in Resources */ = {isa = PBXBuildFile; fileRef = 6EDCFF002BA78FE6007F2A01 /* Dragon Ball GT.mp3 */; };
		6EDCFF032BA79090007F2A01 /* Dragon Ball Super.mp3 in Resources */ = {isa = PBXBuildFile; fileRef = 6EDCFF022BA79090007F2A01 /* Dragon Ball Super.mp3 */; };
		6EDCFF052BA79237007F2A01 /* Dragon Ball Z Kai.mp3 in Resources */ = {isa = PBXBuildFile; fileRef = 6EDCFF042BA79237007F2A01 /* Dragon Ball Z Kai.mp3 */; };
		6EDCFF072BA79515007F2A01 /* PlayList.swift in Sources */ = {isa = PBXBuildFile; fileRef = 6EDCFF062BA79515007F2A01 /* PlayList.swift */; };
		6EDCFF092BA7B598007F2A01 /* CardListAudioView.swift in Sources */ = {isa = PBXBuildFile; fileRef = 6EDCFF082BA7B598007F2A01 /* CardListAudioView.swift */; };
		6EF9DB702BFA84CA00E28170 /* FloatingButton.swift in Sources */ = {isa = PBXBuildFile; fileRef = 6EF9DB6F2BFA84CA00E28170 /* FloatingButton.swift */; };
		6EF9FF442BACF05400E35D7C /* ReproductionView.swift in Sources */ = {isa = PBXBuildFile; fileRef = 6EF9FF432BACF05400E35D7C /* ReproductionView.swift */; };
		6EF9FFA42BAE5D1F00E35D7C /* OffsetableScrollView.swift in Sources */ = {isa = PBXBuildFile; fileRef = 6EF9FFA32BAE5D1F00E35D7C /* OffsetableScrollView.swift */; };
		6EF9FFA72BAE5DBD00E35D7C /* FavoriteCardView.swift in Sources */ = {isa = PBXBuildFile; fileRef = 6EF9FFA62BAE5DBD00E35D7C /* FavoriteCardView.swift */; };
		6EF9FFA92BAE5DC200E35D7C /* FavoritesView.swift in Sources */ = {isa = PBXBuildFile; fileRef = 6EF9FFA82BAE5DC200E35D7C /* FavoritesView.swift */; };
/* End PBXBuildFile section */

/* Begin PBXFileReference section */
		5A7979B32BA3DD8F009A12EA /* FavoriteButtonView.swift */ = {isa = PBXFileReference; lastKnownFileType = sourcecode.swift; path = FavoriteButtonView.swift; sourceTree = "<group>"; };
		5A8ECD0D2B9FCFD70027BAA2 /* SplashScreenView.swift */ = {isa = PBXFileReference; lastKnownFileType = sourcecode.swift; path = SplashScreenView.swift; sourceTree = "<group>"; };
		5A8ECD1D2BA0EB060027BAA2 /* SaiyanSans.ttf */ = {isa = PBXFileReference; lastKnownFileType = file; path = SaiyanSans.ttf; sourceTree = "<group>"; };
		5A8ECD1F2BA0ED430027BAA2 /* Info.plist */ = {isa = PBXFileReference; lastKnownFileType = text.plist.xml; path = Info.plist; sourceTree = "<group>"; };
		5AA3A1892BA1EC0A00B3BDB9 /* CharacterCardView.swift */ = {isa = PBXFileReference; lastKnownFileType = sourcecode.swift; path = CharacterCardView.swift; sourceTree = "<group>"; };
		5AA3A18B2BA1EC3D00B3BDB9 /* CharacterDetailView.swift */ = {isa = PBXFileReference; lastKnownFileType = sourcecode.swift; path = CharacterDetailView.swift; sourceTree = "<group>"; };
		5ABF48FE2BAA721900E984AB /* AllCharactersView.swift */ = {isa = PBXFileReference; fileEncoding = 4; lastKnownFileType = sourcecode.swift; path = AllCharactersView.swift; sourceTree = "<group>"; };
		5AEB4FEF2B94E113007C51B2 /* CharactersModel.swift */ = {isa = PBXFileReference; lastKnownFileType = sourcecode.swift; path = CharactersModel.swift; sourceTree = "<group>"; };
		5AEB4FF12B94E159007C51B2 /* SingleCharacterModel.swift */ = {isa = PBXFileReference; lastKnownFileType = sourcecode.swift; path = SingleCharacterModel.swift; sourceTree = "<group>"; };
		5AEB4FF32B94E19B007C51B2 /* PlanetsModel.swift */ = {isa = PBXFileReference; lastKnownFileType = sourcecode.swift; path = PlanetsModel.swift; sourceTree = "<group>"; };
		5AEB4FF52B94E1E0007C51B2 /* SinglePlanetModel.swift */ = {isa = PBXFileReference; lastKnownFileType = sourcecode.swift; path = SinglePlanetModel.swift; sourceTree = "<group>"; };
		5AEB50012B94FE5F007C51B2 /* AllCharactersDataService.swift */ = {isa = PBXFileReference; lastKnownFileType = sourcecode.swift; path = AllCharactersDataService.swift; sourceTree = "<group>"; };
		5AEB50042B94FEDB007C51B2 /* APIError.swift */ = {isa = PBXFileReference; lastKnownFileType = sourcecode.swift; path = APIError.swift; sourceTree = "<group>"; };
		5AEB50062B950040007C51B2 /* AllCharactersViewModel.swift */ = {isa = PBXFileReference; lastKnownFileType = sourcecode.swift; path = AllCharactersViewModel.swift; sourceTree = "<group>"; };
		5AEB50092B952A79007C51B2 /* MockAllCharactersDataService.swift */ = {isa = PBXFileReference; lastKnownFileType = sourcecode.swift; path = MockAllCharactersDataService.swift; sourceTree = "<group>"; };
		5AEB500B2B952B57007C51B2 /* Protocols.swift */ = {isa = PBXFileReference; lastKnownFileType = sourcecode.swift; path = Protocols.swift; sourceTree = "<group>"; };
		5AEB500E2B95332B007C51B2 /* SingleCharacterDataService.swift */ = {isa = PBXFileReference; lastKnownFileType = sourcecode.swift; path = SingleCharacterDataService.swift; sourceTree = "<group>"; };
		5AEB50102B9533F6007C51B2 /* SingleCharacterViewModel.swift */ = {isa = PBXFileReference; lastKnownFileType = sourcecode.swift; path = SingleCharacterViewModel.swift; sourceTree = "<group>"; };
		5AEB50122B953650007C51B2 /* MockSingleCharacterDataService.swift */ = {isa = PBXFileReference; lastKnownFileType = sourcecode.swift; path = MockSingleCharacterDataService.swift; sourceTree = "<group>"; };
		5AEB50142B954860007C51B2 /* PlanetsDataService.swift */ = {isa = PBXFileReference; lastKnownFileType = sourcecode.swift; path = PlanetsDataService.swift; sourceTree = "<group>"; };
		5AEB50162B955492007C51B2 /* PlanetsViewModel.swift */ = {isa = PBXFileReference; lastKnownFileType = sourcecode.swift; path = PlanetsViewModel.swift; sourceTree = "<group>"; };
		5AEB50182B9554B3007C51B2 /* MockPlanetsDataServcice.swift */ = {isa = PBXFileReference; lastKnownFileType = sourcecode.swift; path = MockPlanetsDataServcice.swift; sourceTree = "<group>"; };
		5AEB501A2B956530007C51B2 /* SinglePlanetDataService.swift */ = {isa = PBXFileReference; lastKnownFileType = sourcecode.swift; path = SinglePlanetDataService.swift; sourceTree = "<group>"; };
		5AEB501C2B9565D2007C51B2 /* MockSinglePlanetDataService.swift */ = {isa = PBXFileReference; lastKnownFileType = sourcecode.swift; path = MockSinglePlanetDataService.swift; sourceTree = "<group>"; };
		5AEB501E2B9567BF007C51B2 /* SinglePlanetViewModel.swift */ = {isa = PBXFileReference; lastKnownFileType = sourcecode.swift; path = SinglePlanetViewModel.swift; sourceTree = "<group>"; };
		6E12F59F2B963C7000110633 /*  DetailsView.swift */ = {isa = PBXFileReference; lastKnownFileType = sourcecode.swift; path = " DetailsView.swift"; sourceTree = "<group>"; usesTabs = 0; };
		6E2E176B2B92473000C8AB2E /* DrgonBallWiki.app */ = {isa = PBXFileReference; explicitFileType = wrapper.application; includeInIndex = 0; path = DrgonBallWiki.app; sourceTree = BUILT_PRODUCTS_DIR; };
		6E2E176E2B92473000C8AB2E /* DrgonBallWikiApp.swift */ = {isa = PBXFileReference; lastKnownFileType = sourcecode.swift; path = DrgonBallWikiApp.swift; sourceTree = "<group>"; };
		6E2E17702B92473000C8AB2E /* ContentView.swift */ = {isa = PBXFileReference; lastKnownFileType = sourcecode.swift; path = ContentView.swift; sourceTree = "<group>"; };
		6E2E17722B92473400C8AB2E /* Assets.xcassets */ = {isa = PBXFileReference; lastKnownFileType = folder.assetcatalog; path = Assets.xcassets; sourceTree = "<group>"; };
		6E2E17752B92473400C8AB2E /* Preview Assets.xcassets */ = {isa = PBXFileReference; lastKnownFileType = folder.assetcatalog; path = "Preview Assets.xcassets"; sourceTree = "<group>"; };
		6E2E177D2B9247B500C8AB2E /* Home.swift */ = {isa = PBXFileReference; lastKnownFileType = sourcecode.swift; path = Home.swift; sourceTree = "<group>"; };
		6E5082DB2B976A99008509E2 /* cardFx04.mp3 */ = {isa = PBXFileReference; lastKnownFileType = audio.mp3; path = cardFx04.mp3; sourceTree = "<group>"; };
		6E5082DC2B976A99008509E2 /* cardFx02.mp3 */ = {isa = PBXFileReference; lastKnownFileType = audio.mp3; path = cardFx02.mp3; sourceTree = "<group>"; };
		6E5082DD2B976A99008509E2 /* cardFx03.mp3 */ = {isa = PBXFileReference; lastKnownFileType = audio.mp3; path = cardFx03.mp3; sourceTree = "<group>"; };
		6E5082DE2B976A99008509E2 /* cardFx01.mp3 */ = {isa = PBXFileReference; lastKnownFileType = audio.mp3; path = cardFx01.mp3; sourceTree = "<group>"; };
		6E583BBA2BA246ED00D1929C /* StyleView.swift */ = {isa = PBXFileReference; lastKnownFileType = sourcecode.swift; path = StyleView.swift; sourceTree = "<group>"; };
		6E6D7D442BBB18A100D22E42 /* MenuItems.swift */ = {isa = PBXFileReference; lastKnownFileType = sourcecode.swift; path = MenuItems.swift; sourceTree = "<group>"; };
		6E6E167A2B9A63CB0099F058 /* DbSwiftDataModel.swift */ = {isa = PBXFileReference; lastKnownFileType = sourcecode.swift; path = DbSwiftDataModel.swift; sourceTree = "<group>"; };
		6E6E167C2B9A66570099F058 /* DbSwiftDataViewModel.swift */ = {isa = PBXFileReference; lastKnownFileType = sourcecode.swift; path = DbSwiftDataViewModel.swift; sourceTree = "<group>"; };
		6E804AD42BA6613B008553BF /* CardListPlanetesView.swift */ = {isa = PBXFileReference; lastKnownFileType = sourcecode.swift; path = CardListPlanetesView.swift; sourceTree = "<group>"; };
		6E86BD122BB3981100DE6458 /* CardPlanetView.swift */ = {isa = PBXFileReference; lastKnownFileType = sourcecode.swift; path = CardPlanetView.swift; sourceTree = "<group>"; };
		6E95BA532B9EA6280030D28C /* CardViewTribute.swift */ = {isa = PBXFileReference; lastKnownFileType = sourcecode.swift; path = CardViewTribute.swift; sourceTree = "<group>"; };
		6E9BD1542BAA255000CA7CBA /* DetailAudioViewModel.swift */ = {isa = PBXFileReference; lastKnownFileType = sourcecode.swift; path = DetailAudioViewModel.swift; sourceTree = "<group>"; };
		6E9BD1562BAA3E7300CA7CBA /* CardListAudioViewModel.swift */ = {isa = PBXFileReference; lastKnownFileType = sourcecode.swift; path = CardListAudioViewModel.swift; sourceTree = "<group>"; };
		6EDCFEFA2BA78DAD007F2A01 /* Dragon Ball.mp3 */ = {isa = PBXFileReference; lastKnownFileType = audio.mp3; path = "Dragon Ball.mp3"; sourceTree = "<group>"; };
		6EDCFEFE2BA78F7D007F2A01 /* Dragon Ball Z.mp3 */ = {isa = PBXFileReference; lastKnownFileType = audio.mp3; path = "Dragon Ball Z.mp3"; sourceTree = "<group>"; };
		6EDCFF002BA78FE6007F2A01 /* Dragon Ball GT.mp3 */ = {isa = PBXFileReference; lastKnownFileType = audio.mp3; path = "Dragon Ball GT.mp3"; sourceTree = "<group>"; };
		6EDCFF022BA79090007F2A01 /* Dragon Ball Super.mp3 */ = {isa = PBXFileReference; lastKnownFileType = audio.mp3; path = "Dragon Ball Super.mp3"; sourceTree = "<group>"; };
		6EDCFF042BA79237007F2A01 /* Dragon Ball Z Kai.mp3 */ = {isa = PBXFileReference; lastKnownFileType = audio.mp3; path = "Dragon Ball Z Kai.mp3"; sourceTree = "<group>"; };
		6EDCFF062BA79515007F2A01 /* PlayList.swift */ = {isa = PBXFileReference; lastKnownFileType = sourcecode.swift; path = PlayList.swift; sourceTree = "<group>"; };
		6EDCFF082BA7B598007F2A01 /* CardListAudioView.swift */ = {isa = PBXFileReference; lastKnownFileType = sourcecode.swift; path = CardListAudioView.swift; sourceTree = "<group>"; };
		6EF9DB6F2BFA84CA00E28170 /* FloatingButton.swift */ = {isa = PBXFileReference; lastKnownFileType = sourcecode.swift; path = FloatingButton.swift; sourceTree = "<group>"; };
		6EF9FF432BACF05400E35D7C /* ReproductionView.swift */ = {isa = PBXFileReference; lastKnownFileType = sourcecode.swift; path = ReproductionView.swift; sourceTree = "<group>"; };
		6EF9FFA32BAE5D1F00E35D7C /* OffsetableScrollView.swift */ = {isa = PBXFileReference; fileEncoding = 4; lastKnownFileType = sourcecode.swift; path = OffsetableScrollView.swift; sourceTree = "<group>"; };
		6EF9FFA62BAE5DBD00E35D7C /* FavoriteCardView.swift */ = {isa = PBXFileReference; fileEncoding = 4; lastKnownFileType = sourcecode.swift; path = FavoriteCardView.swift; sourceTree = "<group>"; };
		6EF9FFA82BAE5DC200E35D7C /* FavoritesView.swift */ = {isa = PBXFileReference; fileEncoding = 4; lastKnownFileType = sourcecode.swift; path = FavoritesView.swift; sourceTree = "<group>"; };
/* End PBXFileReference section */

/* Begin PBXFrameworksBuildPhase section */
		6E2E17682B92473000C8AB2E /* Frameworks */ = {
			isa = PBXFrameworksBuildPhase;
			buildActionMask = 2147483647;
			files = (
			);
			runOnlyForDeploymentPostprocessing = 0;
		};
/* End PBXFrameworksBuildPhase section */

/* Begin PBXGroup section */
		5A7979B02BA3DD44009A12EA /* HeroAnimationViews */ = {
			isa = PBXGroup;
			children = (
				5AA3A18B2BA1EC3D00B3BDB9 /* CharacterDetailView.swift */,
				5AA3A1892BA1EC0A00B3BDB9 /* CharacterCardView.swift */,
				5ABF48FE2BAA721900E984AB /* AllCharactersView.swift */,
				5A7979B32BA3DD8F009A12EA /* FavoriteButtonView.swift */,
			);
			path = HeroAnimationViews;
			sourceTree = "<group>";
		};
		5A8E38AE2B9A4D7300B2B235 /* Fonts */ = {
			isa = PBXGroup;
			children = (
				5A8ECD1D2BA0EB060027BAA2 /* SaiyanSans.ttf */,
			);
			path = Fonts;
			sourceTree = "<group>";
		};
		5AA8B5CC2B92908600F9D008 /* Services */ = {
			isa = PBXGroup;
			children = (
				5AEB500D2B9531B1007C51B2 /* Mocks */,
				5AEB50012B94FE5F007C51B2 /* AllCharactersDataService.swift */,
				5AEB500E2B95332B007C51B2 /* SingleCharacterDataService.swift */,
				5AEB50142B954860007C51B2 /* PlanetsDataService.swift */,
				5AEB501A2B956530007C51B2 /* SinglePlanetDataService.swift */,
			);
			path = Services;
			sourceTree = "<group>";
		};
		5AEB4FED2B94DE9D007C51B2 /* Recovered References */ = {
			isa = PBXGroup;
			children = (
				6EDCFEF92BA78C3B007F2A01 /* Miusic */,
				6E5082DA2B976A99008509E2 /* SoundFX */,
			);
			name = "Recovered References";
			sourceTree = "<group>";
		};
		5AEB4FEE2B94E0E1007C51B2 /* Model */ = {
			isa = PBXGroup;
			children = (
				5AEB4FEF2B94E113007C51B2 /* CharactersModel.swift */,
				5AEB4FF12B94E159007C51B2 /* SingleCharacterModel.swift */,
				5AEB4FF32B94E19B007C51B2 /* PlanetsModel.swift */,
				5AEB4FF52B94E1E0007C51B2 /* SinglePlanetModel.swift */,
				6E6E167A2B9A63CB0099F058 /* DbSwiftDataModel.swift */,
				6EDCFF062BA79515007F2A01 /* PlayList.swift */,
				6E6D7D442BBB18A100D22E42 /* MenuItems.swift */,
			);
			path = Model;
			sourceTree = "<group>";
		};
		5AEB4FF72B94E2B8007C51B2 /* Cards */ = {
			isa = PBXGroup;
			children = (
				6E86BD122BB3981100DE6458 /* CardPlanetView.swift */,
				6E804AD42BA6613B008553BF /* CardListPlanetesView.swift */,
				6E95BA532B9EA6280030D28C /* CardViewTribute.swift */,
				6EDCFF082BA7B598007F2A01 /* CardListAudioView.swift */,
				6EF9FF432BACF05400E35D7C /* ReproductionView.swift */,
			);
			path = Cards;
			sourceTree = "<group>";
		};
		5AEB4FFE2B94FA9D007C51B2 /* ViewModel */ = {
			isa = PBXGroup;
			children = (
				5AEB50062B950040007C51B2 /* AllCharactersViewModel.swift */,
				5AEB50102B9533F6007C51B2 /* SingleCharacterViewModel.swift */,
				5AEB50162B955492007C51B2 /* PlanetsViewModel.swift */,
				5AEB501E2B9567BF007C51B2 /* SinglePlanetViewModel.swift */,
				6E6E167C2B9A66570099F058 /* DbSwiftDataViewModel.swift */,
				6E9BD1542BAA255000CA7CBA /* DetailAudioViewModel.swift */,
				6E9BD1562BAA3E7300CA7CBA /* CardListAudioViewModel.swift */,
			);
			path = ViewModel;
			sourceTree = "<group>";
		};
		5AEB50032B94FEBE007C51B2 /* Utils */ = {
			isa = PBXGroup;
			children = (
				5A8E38AE2B9A4D7300B2B235 /* Fonts */,
				5AEB50042B94FEDB007C51B2 /* APIError.swift */,
				6EF9FFA32BAE5D1F00E35D7C /* OffsetableScrollView.swift */,
				5AEB500B2B952B57007C51B2 /* Protocols.swift */,
				6E583BBA2BA246ED00D1929C /* StyleView.swift */,
				6EF9DB6F2BFA84CA00E28170 /* FloatingButton.swift */,
			);
			path = Utils;
			sourceTree = "<group>";
		};
		5AEB500D2B9531B1007C51B2 /* Mocks */ = {
			isa = PBXGroup;
			children = (
				5AEB50092B952A79007C51B2 /* MockAllCharactersDataService.swift */,
				5AEB50122B953650007C51B2 /* MockSingleCharacterDataService.swift */,
				5AEB50182B9554B3007C51B2 /* MockPlanetsDataServcice.swift */,
				5AEB501C2B9565D2007C51B2 /* MockSinglePlanetDataService.swift */,
			);
			path = Mocks;
			sourceTree = "<group>";
		};
		6E2E17622B92473000C8AB2E = {
			isa = PBXGroup;
			children = (
				6E2E176D2B92473000C8AB2E /* DrgonBallWiki */,
				6E2E176C2B92473000C8AB2E /* Products */,
				5AEB4FED2B94DE9D007C51B2 /* Recovered References */,
			);
			sourceTree = "<group>";
		};
		6E2E176C2B92473000C8AB2E /* Products */ = {
			isa = PBXGroup;
			children = (
				6E2E176B2B92473000C8AB2E /* DrgonBallWiki.app */,
			);
			name = Products;
			sourceTree = "<group>";
		};
		6E2E176D2B92473000C8AB2E /* DrgonBallWiki */ = {
			isa = PBXGroup;
			children = (
				5A8ECD1F2BA0ED430027BAA2 /* Info.plist */,
				5AEB50032B94FEBE007C51B2 /* Utils */,
				5AA8B5CC2B92908600F9D008 /* Services */,
				5AEB4FEE2B94E0E1007C51B2 /* Model */,
				6E2E177F2B927F4400C8AB2E /* View */,
				5AEB4FFE2B94FA9D007C51B2 /* ViewModel */,
				6E2E176E2B92473000C8AB2E /* DrgonBallWikiApp.swift */,
				6E2E17702B92473000C8AB2E /* ContentView.swift */,
				6E2E17722B92473400C8AB2E /* Assets.xcassets */,
				6E2E17742B92473400C8AB2E /* Preview Content */,
			);
			path = DrgonBallWiki;
			sourceTree = "<group>";
		};
		6E2E17742B92473400C8AB2E /* Preview Content */ = {
			isa = PBXGroup;
			children = (
				6E2E17752B92473400C8AB2E /* Preview Assets.xcassets */,
			);
			path = "Preview Content";
			sourceTree = "<group>";
		};
		6E2E177F2B927F4400C8AB2E /* View */ = {
			isa = PBXGroup;
			children = (
				6EF9FFA52BAE5D7E00E35D7C /* FavoritesViews */,
				5A7979B02BA3DD44009A12EA /* HeroAnimationViews */,
				5AEB4FF72B94E2B8007C51B2 /* Cards */,
				6E2E177D2B9247B500C8AB2E /* Home.swift */,
				6E12F59F2B963C7000110633 /*  DetailsView.swift */,
				5A8ECD0D2B9FCFD70027BAA2 /* SplashScreenView.swift */,
			);
			path = View;
			sourceTree = "<group>";
		};
		6E5082DA2B976A99008509E2 /* SoundFX */ = {
			isa = PBXGroup;
			children = (
				6E5082DB2B976A99008509E2 /* cardFx04.mp3 */,
				6E5082DC2B976A99008509E2 /* cardFx02.mp3 */,
				6E5082DD2B976A99008509E2 /* cardFx03.mp3 */,
				6E5082DE2B976A99008509E2 /* cardFx01.mp3 */,
			);
			path = SoundFX;
			sourceTree = "<group>";
		};
		6EDCFEF92BA78C3B007F2A01 /* Miusic */ = {
			isa = PBXGroup;
			children = (
				6EDCFEFA2BA78DAD007F2A01 /* Dragon Ball.mp3 */,
				6EDCFEFE2BA78F7D007F2A01 /* Dragon Ball Z.mp3 */,
				6EDCFF002BA78FE6007F2A01 /* Dragon Ball GT.mp3 */,
				6EDCFF022BA79090007F2A01 /* Dragon Ball Super.mp3 */,
				6EDCFF042BA79237007F2A01 /* Dragon Ball Z Kai.mp3 */,
			);
			path = Miusic;
			sourceTree = "<group>";
		};
		6EF9FFA52BAE5D7E00E35D7C /* FavoritesViews */ = {
			isa = PBXGroup;
			children = (
				6EF9FFA82BAE5DC200E35D7C /* FavoritesView.swift */,
				6EF9FFA62BAE5DBD00E35D7C /* FavoriteCardView.swift */,
			);
			path = FavoritesViews;
			sourceTree = "<group>";
		};
/* End PBXGroup section */

/* Begin PBXNativeTarget section */
		6E2E176A2B92473000C8AB2E /* DrgonBallWiki */ = {
			isa = PBXNativeTarget;
			buildConfigurationList = 6E2E17792B92473400C8AB2E /* Build configuration list for PBXNativeTarget "DrgonBallWiki" */;
			buildPhases = (
				6E2E17672B92473000C8AB2E /* Sources */,
				6E2E17682B92473000C8AB2E /* Frameworks */,
				6E2E17692B92473000C8AB2E /* Resources */,
			);
			buildRules = (
			);
			dependencies = (
			);
			name = DrgonBallWiki;
			packageProductDependencies = (
			);
			productName = DrgonBollWiki;
			productReference = 6E2E176B2B92473000C8AB2E /* DrgonBallWiki.app */;
			productType = "com.apple.product-type.application";
		};
/* End PBXNativeTarget section */

/* Begin PBXProject section */
		6E2E17632B92473000C8AB2E /* Project object */ = {
			isa = PBXProject;
			attributes = {
				BuildIndependentTargetsInParallel = 1;
				LastSwiftUpdateCheck = 1520;
				LastUpgradeCheck = 1520;
				TargetAttributes = {
					6E2E176A2B92473000C8AB2E = {
						CreatedOnToolsVersion = 15.2;
					};
				};
			};
			buildConfigurationList = 6E2E17662B92473000C8AB2E /* Build configuration list for PBXProject "DrgonBallWiki" */;
			compatibilityVersion = "Xcode 14.0";
			developmentRegion = es;
			hasScannedForEncodings = 0;
			knownRegions = (
				en,
				Base,
				es,
			);
			mainGroup = 6E2E17622B92473000C8AB2E;
			packageReferences = (
			);
			productRefGroup = 6E2E176C2B92473000C8AB2E /* Products */;
			projectDirPath = "";
			projectRoot = "";
			targets = (
				6E2E176A2B92473000C8AB2E /* DrgonBallWiki */,
			);
		};
/* End PBXProject section */

/* Begin PBXResourcesBuildPhase section */
		6E2E17692B92473000C8AB2E /* Resources */ = {
			isa = PBXResourcesBuildPhase;
			buildActionMask = 2147483647;
			files = (
				6E5082E02B976A99008509E2 /* cardFx02.mp3 in Resources */,
				6E5082DF2B976A99008509E2 /* cardFx04.mp3 in Resources */,
				6E2E17762B92473400C8AB2E /* Preview Assets.xcassets in Resources */,
				6EDCFEFF2BA78F7D007F2A01 /* Dragon Ball Z.mp3 in Resources */,
				6EDCFF032BA79090007F2A01 /* Dragon Ball Super.mp3 in Resources */,
				6EDCFF052BA79237007F2A01 /* Dragon Ball Z Kai.mp3 in Resources */,
				6EDCFF012BA78FE6007F2A01 /* Dragon Ball GT.mp3 in Resources */,
				6E5082E22B976A99008509E2 /* cardFx01.mp3 in Resources */,
				6E5082E12B976A99008509E2 /* cardFx03.mp3 in Resources */,
				6E2E17732B92473400C8AB2E /* Assets.xcassets in Resources */,
				5A8ECD1E2BA0EB060027BAA2 /* SaiyanSans.ttf in Resources */,
				6EDCFEFB2BA78DAD007F2A01 /* Dragon Ball.mp3 in Resources */,
			);
			runOnlyForDeploymentPostprocessing = 0;
		};
/* End PBXResourcesBuildPhase section */

/* Begin PBXSourcesBuildPhase section */
		6E2E17672B92473000C8AB2E /* Sources */ = {
			isa = PBXSourcesBuildPhase;
			buildActionMask = 2147483647;
			files = (
				5AEB4FF62B94E1E0007C51B2 /* SinglePlanetModel.swift in Sources */,
				6E6E167D2B9A66570099F058 /* DbSwiftDataViewModel.swift in Sources */,
				5AEB50172B955492007C51B2 /* PlanetsViewModel.swift in Sources */,
				5AEB501B2B956530007C51B2 /* SinglePlanetDataService.swift in Sources */,
				6E2E17712B92473000C8AB2E /* ContentView.swift in Sources */,
				5AA3A18A2BA1EC0A00B3BDB9 /* CharacterCardView.swift in Sources */,
				6EF9FFA72BAE5DBD00E35D7C /* FavoriteCardView.swift in Sources */,
				5AEB50112B9533F6007C51B2 /* SingleCharacterViewModel.swift in Sources */,
				5A7979B42BA3DD8F009A12EA /* FavoriteButtonView.swift in Sources */,
				5AEB500A2B952A79007C51B2 /* MockAllCharactersDataService.swift in Sources */,
				6E86BD132BB3981100DE6458 /* CardPlanetView.swift in Sources */,
				5AEB50152B954860007C51B2 /* PlanetsDataService.swift in Sources */,
				5ABF48FF2BAA721900E984AB /* AllCharactersView.swift in Sources */,
				5AA3A18C2BA1EC3D00B3BDB9 /* CharacterDetailView.swift in Sources */,
				6E2E177E2B9247B500C8AB2E /* Home.swift in Sources */,
				5AEB4FF02B94E113007C51B2 /* CharactersModel.swift in Sources */,
				5AEB500F2B95332B007C51B2 /* SingleCharacterDataService.swift in Sources */,
				5AEB501F2B9567BF007C51B2 /* SinglePlanetViewModel.swift in Sources */,
				6E9BD1552BAA255000CA7CBA /* DetailAudioViewModel.swift in Sources */,
				5AEB50022B94FE5F007C51B2 /* AllCharactersDataService.swift in Sources */,
				5AEB50192B9554B3007C51B2 /* MockPlanetsDataServcice.swift in Sources */,
				6EDCFF072BA79515007F2A01 /* PlayList.swift in Sources */,
				5A8ECD0E2B9FCFD70027BAA2 /* SplashScreenView.swift in Sources */,
				6EF9FFA92BAE5DC200E35D7C /* FavoritesView.swift in Sources */,
				6E9BD1572BAA3E7300CA7CBA /* CardListAudioViewModel.swift in Sources */,
				6E583BBB2BA246ED00D1929C /* StyleView.swift in Sources */,
				6EDCFF092BA7B598007F2A01 /* CardListAudioView.swift in Sources */,
				6E6E167B2B9A63CB0099F058 /* DbSwiftDataModel.swift in Sources */,
				5AEB501D2B9565D2007C51B2 /* MockSinglePlanetDataService.swift in Sources */,
				6E2E176F2B92473000C8AB2E /* DrgonBallWikiApp.swift in Sources */,
				6E12F5A02B963C7100110633 /*  DetailsView.swift in Sources */,
				6E95BA542B9EA6280030D28C /* CardViewTribute.swift in Sources */,
				5AEB50072B950040007C51B2 /* AllCharactersViewModel.swift in Sources */,
				5AEB4FF42B94E19B007C51B2 /* PlanetsModel.swift in Sources */,
				5AEB4FF22B94E159007C51B2 /* SingleCharacterModel.swift in Sources */,
				6E804AD52BA6613B008553BF /* CardListPlanetesView.swift in Sources */,
				6E6D7D452BBB18A100D22E42 /* MenuItems.swift in Sources */,
				6EF9DB702BFA84CA00E28170 /* FloatingButton.swift in Sources */,
				5AEB50132B953651007C51B2 /* MockSingleCharacterDataService.swift in Sources */,
				6EF9FFA42BAE5D1F00E35D7C /* OffsetableScrollView.swift in Sources */,
				6EF9FF442BACF05400E35D7C /* ReproductionView.swift in Sources */,
				5AEB50052B94FEDB007C51B2 /* APIError.swift in Sources */,
				5AEB500C2B952B57007C51B2 /* Protocols.swift in Sources */,
			);
			runOnlyForDeploymentPostprocessing = 0;
		};
/* End PBXSourcesBuildPhase section */

/* Begin XCBuildConfiguration section */
		6E2E17772B92473400C8AB2E /* Debug */ = {
			isa = XCBuildConfiguration;
			buildSettings = {
				ALWAYS_SEARCH_USER_PATHS = NO;
				ASSETCATALOG_COMPILER_GENERATE_SWIFT_ASSET_SYMBOL_EXTENSIONS = YES;
				CLANG_ANALYZER_NONNULL = YES;
				CLANG_ANALYZER_NUMBER_OBJECT_CONVERSION = YES_AGGRESSIVE;
				CLANG_CXX_LANGUAGE_STANDARD = "gnu++20";
				CLANG_ENABLE_MODULES = YES;
				CLANG_ENABLE_OBJC_ARC = YES;
				CLANG_ENABLE_OBJC_WEAK = YES;
				CLANG_WARN_BLOCK_CAPTURE_AUTORELEASING = YES;
				CLANG_WARN_BOOL_CONVERSION = YES;
				CLANG_WARN_COMMA = YES;
				CLANG_WARN_CONSTANT_CONVERSION = YES;
				CLANG_WARN_DEPRECATED_OBJC_IMPLEMENTATIONS = YES;
				CLANG_WARN_DIRECT_OBJC_ISA_USAGE = YES_ERROR;
				CLANG_WARN_DOCUMENTATION_COMMENTS = YES;
				CLANG_WARN_EMPTY_BODY = YES;
				CLANG_WARN_ENUM_CONVERSION = YES;
				CLANG_WARN_INFINITE_RECURSION = YES;
				CLANG_WARN_INT_CONVERSION = YES;
				CLANG_WARN_NON_LITERAL_NULL_CONVERSION = YES;
				CLANG_WARN_OBJC_IMPLICIT_RETAIN_SELF = YES;
				CLANG_WARN_OBJC_LITERAL_CONVERSION = YES;
				CLANG_WARN_OBJC_ROOT_CLASS = YES_ERROR;
				CLANG_WARN_QUOTED_INCLUDE_IN_FRAMEWORK_HEADER = YES;
				CLANG_WARN_RANGE_LOOP_ANALYSIS = YES;
				CLANG_WARN_STRICT_PROTOTYPES = YES;
				CLANG_WARN_SUSPICIOUS_MOVE = YES;
				CLANG_WARN_UNGUARDED_AVAILABILITY = YES_AGGRESSIVE;
				CLANG_WARN_UNREACHABLE_CODE = YES;
				CLANG_WARN__DUPLICATE_METHOD_MATCH = YES;
				COPY_PHASE_STRIP = NO;
				DEBUG_INFORMATION_FORMAT = dwarf;
				ENABLE_STRICT_OBJC_MSGSEND = YES;
				ENABLE_TESTABILITY = YES;
				ENABLE_USER_SCRIPT_SANDBOXING = YES;
				GCC_C_LANGUAGE_STANDARD = gnu17;
				GCC_DYNAMIC_NO_PIC = NO;
				GCC_NO_COMMON_BLOCKS = YES;
				GCC_OPTIMIZATION_LEVEL = 0;
				GCC_PREPROCESSOR_DEFINITIONS = (
					"DEBUG=1",
					"$(inherited)",
				);
				GCC_WARN_64_TO_32_BIT_CONVERSION = YES;
				GCC_WARN_ABOUT_RETURN_TYPE = YES_ERROR;
				GCC_WARN_UNDECLARED_SELECTOR = YES;
				GCC_WARN_UNINITIALIZED_AUTOS = YES_AGGRESSIVE;
				GCC_WARN_UNUSED_FUNCTION = YES;
				GCC_WARN_UNUSED_VARIABLE = YES;
				IPHONEOS_DEPLOYMENT_TARGET = 17.5;
				LOCALIZATION_PREFERS_STRING_CATALOGS = YES;
				MTL_ENABLE_DEBUG_INFO = INCLUDE_SOURCE;
				MTL_FAST_MATH = YES;
				ONLY_ACTIVE_ARCH = YES;
				SDKROOT = iphoneos;
				SWIFT_ACTIVE_COMPILATION_CONDITIONS = "DEBUG $(inherited)";
				SWIFT_OPTIMIZATION_LEVEL = "-Onone";
			};
			name = Debug;
		};
		6E2E17782B92473400C8AB2E /* Release */ = {
			isa = XCBuildConfiguration;
			buildSettings = {
				ALWAYS_SEARCH_USER_PATHS = NO;
				ASSETCATALOG_COMPILER_GENERATE_SWIFT_ASSET_SYMBOL_EXTENSIONS = YES;
				CLANG_ANALYZER_NONNULL = YES;
				CLANG_ANALYZER_NUMBER_OBJECT_CONVERSION = YES_AGGRESSIVE;
				CLANG_CXX_LANGUAGE_STANDARD = "gnu++20";
				CLANG_ENABLE_MODULES = YES;
				CLANG_ENABLE_OBJC_ARC = YES;
				CLANG_ENABLE_OBJC_WEAK = YES;
				CLANG_WARN_BLOCK_CAPTURE_AUTORELEASING = YES;
				CLANG_WARN_BOOL_CONVERSION = YES;
				CLANG_WARN_COMMA = YES;
				CLANG_WARN_CONSTANT_CONVERSION = YES;
				CLANG_WARN_DEPRECATED_OBJC_IMPLEMENTATIONS = YES;
				CLANG_WARN_DIRECT_OBJC_ISA_USAGE = YES_ERROR;
				CLANG_WARN_DOCUMENTATION_COMMENTS = YES;
				CLANG_WARN_EMPTY_BODY = YES;
				CLANG_WARN_ENUM_CONVERSION = YES;
				CLANG_WARN_INFINITE_RECURSION = YES;
				CLANG_WARN_INT_CONVERSION = YES;
				CLANG_WARN_NON_LITERAL_NULL_CONVERSION = YES;
				CLANG_WARN_OBJC_IMPLICIT_RETAIN_SELF = YES;
				CLANG_WARN_OBJC_LITERAL_CONVERSION = YES;
				CLANG_WARN_OBJC_ROOT_CLASS = YES_ERROR;
				CLANG_WARN_QUOTED_INCLUDE_IN_FRAMEWORK_HEADER = YES;
				CLANG_WARN_RANGE_LOOP_ANALYSIS = YES;
				CLANG_WARN_STRICT_PROTOTYPES = YES;
				CLANG_WARN_SUSPICIOUS_MOVE = YES;
				CLANG_WARN_UNGUARDED_AVAILABILITY = YES_AGGRESSIVE;
				CLANG_WARN_UNREACHABLE_CODE = YES;
				CLANG_WARN__DUPLICATE_METHOD_MATCH = YES;
				COPY_PHASE_STRIP = NO;
				DEBUG_INFORMATION_FORMAT = "dwarf-with-dsym";
				ENABLE_NS_ASSERTIONS = NO;
				ENABLE_STRICT_OBJC_MSGSEND = YES;
				ENABLE_USER_SCRIPT_SANDBOXING = YES;
				GCC_C_LANGUAGE_STANDARD = gnu17;
				GCC_NO_COMMON_BLOCKS = YES;
				GCC_WARN_64_TO_32_BIT_CONVERSION = YES;
				GCC_WARN_ABOUT_RETURN_TYPE = YES_ERROR;
				GCC_WARN_UNDECLARED_SELECTOR = YES;
				GCC_WARN_UNINITIALIZED_AUTOS = YES_AGGRESSIVE;
				GCC_WARN_UNUSED_FUNCTION = YES;
				GCC_WARN_UNUSED_VARIABLE = YES;
				IPHONEOS_DEPLOYMENT_TARGET = 17.5;
				LOCALIZATION_PREFERS_STRING_CATALOGS = YES;
				MTL_ENABLE_DEBUG_INFO = NO;
				MTL_FAST_MATH = YES;
				SDKROOT = iphoneos;
				SWIFT_COMPILATION_MODE = wholemodule;
				VALIDATE_PRODUCT = YES;
			};
			name = Release;
		};
		6E2E177A2B92473400C8AB2E /* Debug */ = {
			isa = XCBuildConfiguration;
			buildSettings = {
				ASSETCATALOG_COMPILER_APPICON_NAME = AppIcon;
				ASSETCATALOG_COMPILER_GLOBAL_ACCENT_COLOR_NAME = AccentColor;
				CODE_SIGN_STYLE = Automatic;
				CURRENT_PROJECT_VERSION = 1;
				DEVELOPMENT_ASSET_PATHS = "\"DrgonBallWiki/Preview Content\"";
				DEVELOPMENT_TEAM = W5HZTU6SV8;
				ENABLE_PREVIEWS = YES;
				GENERATE_INFOPLIST_FILE = YES;
				INFOPLIST_FILE = DrgonBallWiki/Info.plist;
				INFOPLIST_KEY_UIApplicationSceneManifest_Generation = YES;
				INFOPLIST_KEY_UIApplicationSupportsIndirectInputEvents = YES;
				INFOPLIST_KEY_UILaunchScreen_Generation = YES;
				INFOPLIST_KEY_UISupportedInterfaceOrientations = UIInterfaceOrientationPortrait;
				LD_RUNPATH_SEARCH_PATHS = (
					"$(inherited)",
					"@executable_path/Frameworks",
				);
				MARKETING_VERSION = 1.0;
				PRODUCT_BUNDLE_IDENTIFIER = com.lordzzz.DrgonBallWiki;
				PRODUCT_NAME = "$(TARGET_NAME)";
				SWIFT_EMIT_LOC_STRINGS = YES;
				SWIFT_VERSION = 5.0;
				TARGETED_DEVICE_FAMILY = "1,2";
			};
			name = Debug;
		};
		6E2E177B2B92473400C8AB2E /* Release */ = {
			isa = XCBuildConfiguration;
			buildSettings = {
				ASSETCATALOG_COMPILER_APPICON_NAME = AppIcon;
				ASSETCATALOG_COMPILER_GLOBAL_ACCENT_COLOR_NAME = AccentColor;
				CODE_SIGN_STYLE = Automatic;
				CURRENT_PROJECT_VERSION = 1;
				DEVELOPMENT_ASSET_PATHS = "\"DrgonBallWiki/Preview Content\"";
				DEVELOPMENT_TEAM = W5HZTU6SV8;
				ENABLE_PREVIEWS = YES;
				GENERATE_INFOPLIST_FILE = YES;
				INFOPLIST_FILE = DrgonBallWiki/Info.plist;
				INFOPLIST_KEY_UIApplicationSceneManifest_Generation = YES;
				INFOPLIST_KEY_UIApplicationSupportsIndirectInputEvents = YES;
				INFOPLIST_KEY_UILaunchScreen_Generation = YES;
				INFOPLIST_KEY_UISupportedInterfaceOrientations = UIInterfaceOrientationPortrait;
				LD_RUNPATH_SEARCH_PATHS = (
					"$(inherited)",
					"@executable_path/Frameworks",
				);
				MARKETING_VERSION = 1.0;
				PRODUCT_BUNDLE_IDENTIFIER = com.lordzzz.DrgonBallWiki;
				PRODUCT_NAME = "$(TARGET_NAME)";
				SWIFT_EMIT_LOC_STRINGS = YES;
				SWIFT_VERSION = 5.0;
				TARGETED_DEVICE_FAMILY = "1,2";
			};
			name = Release;
		};
/* End XCBuildConfiguration section */

/* Begin XCConfigurationList section */
		6E2E17662B92473000C8AB2E /* Build configuration list for PBXProject "DrgonBallWiki" */ = {
			isa = XCConfigurationList;
			buildConfigurations = (
				6E2E17772B92473400C8AB2E /* Debug */,
				6E2E17782B92473400C8AB2E /* Release */,
			);
			defaultConfigurationIsVisible = 0;
			defaultConfigurationName = Release;
		};
		6E2E17792B92473400C8AB2E /* Build configuration list for PBXNativeTarget "DrgonBallWiki" */ = {
			isa = XCConfigurationList;
			buildConfigurations = (
				6E2E177A2B92473400C8AB2E /* Debug */,
				6E2E177B2B92473400C8AB2E /* Release */,
			);
			defaultConfigurationIsVisible = 0;
			defaultConfigurationName = Release;
		};
/* End XCConfigurationList section */
	};
	rootObject = 6E2E17632B92473000C8AB2E /* Project object */;
}
